// !$*UTF8*$!
{
	archiveVersion = 1;
	classes = {
	};
	objectVersion = 55;
	objects = {

/* Begin PBXBuildFile section */
		5A5911EB273D6B0900C75260 /* main.cpp in Sources */ = {isa = PBXBuildFile; fileRef = 5A5911EA273D6B0900C75260 /* main.cpp */; };
		5A5911F3273DA81800C75260 /* number_place_wfc.cpp in Sources */ = {isa = PBXBuildFile; fileRef = 5A5911F1273DA81800C75260 /* number_place_wfc.cpp */; };
/* End PBXBuildFile section */

/* Begin PBXCopyFilesBuildPhase section */
		5A5911E5273D6B0900C75260 /* CopyFiles */ = {
			isa = PBXCopyFilesBuildPhase;
			buildActionMask = 2147483647;
			dstPath = /usr/share/man/man1/;
			dstSubfolderSpec = 0;
			files = (
			);
			runOnlyForDeploymentPostprocessing = 1;
		};
/* End PBXCopyFilesBuildPhase section */

/* Begin PBXFileReference section */
		5A5911E7273D6B0900C75260 /* WFC */ = {isa = PBXFileReference; explicitFileType = "compiled.mach-o.executable"; includeInIndex = 0; path = WFC; sourceTree = BUILT_PRODUCTS_DIR; };
		5A5911EA273D6B0900C75260 /* main.cpp */ = {isa = PBXFileReference; lastKnownFileType = sourcecode.cpp.cpp; path = main.cpp; sourceTree = "<group>"; };
		5A5911F1273DA81800C75260 /* number_place_wfc.cpp */ = {isa = PBXFileReference; lastKnownFileType = sourcecode.cpp.cpp; path = number_place_wfc.cpp; sourceTree = "<group>"; };
		5A5911F2273DA81800C75260 /* number_place_wfc.hpp */ = {isa = PBXFileReference; lastKnownFileType = sourcecode.cpp.h; path = number_place_wfc.hpp; sourceTree = "<group>"; };
		5A8F5B062747AB7B00B4A0DD /* view.css */ = {isa = PBXFileReference; lastKnownFileType = text.css; path = view.css; sourceTree = "<group>"; };
		5A8F5B072747AB7B00B4A0DD /* view.html */ = {isa = PBXFileReference; lastKnownFileType = text.html; path = view.html; sourceTree = "<group>"; };
		5A8F5B082747AB7B00B4A0DD /* result.js */ = {isa = PBXFileReference; lastKnownFileType = sourcecode.javascript; path = result.js; sourceTree = "<group>"; };
		5A8F5B092747AB7B00B4A0DD /* vision.js */ = {isa = PBXFileReference; lastKnownFileType = sourcecode.javascript; path = vision.js; sourceTree = "<group>"; };
/* End PBXFileReference section */

/* Begin PBXFrameworksBuildPhase section */
		5A5911E4273D6B0900C75260 /* Frameworks */ = {
			isa = PBXFrameworksBuildPhase;
			buildActionMask = 2147483647;
			files = (
			);
			runOnlyForDeploymentPostprocessing = 0;
		};
/* End PBXFrameworksBuildPhase section */

/* Begin PBXGroup section */
		5A5911DE273D6B0900C75260 = {
			isa = PBXGroup;
			children = (
				5A8F5B052747AB4A00B4A0DD /* html */,
				5A5911E9273D6B0900C75260 /* WFC */,
				5A5911E8273D6B0900C75260 /* Products */,
			);
			sourceTree = "<group>";
		};
		5A5911E8273D6B0900C75260 /* Products */ = {
			isa = PBXGroup;
			children = (
				5A5911E7273D6B0900C75260 /* WFC */,
			);
			name = Products;
			sourceTree = "<group>";
		};
		5A5911E9273D6B0900C75260 /* WFC */ = {
			isa = PBXGroup;
			children = (
				5A5911EA273D6B0900C75260 /* main.cpp */,
				5A5911F1273DA81800C75260 /* number_place_wfc.cpp */,
				5A5911F2273DA81800C75260 /* number_place_wfc.hpp */,
			);
			path = WFC;
			sourceTree = "<group>";
		};
		5A8F5B052747AB4A00B4A0DD /* html */ = {
			isa = PBXGroup;
			children = (
				5A8F5B082747AB7B00B4A0DD /* result.js */,
				5A8F5B062747AB7B00B4A0DD /* view.css */,
				5A8F5B072747AB7B00B4A0DD /* view.html */,
				5A8F5B092747AB7B00B4A0DD /* vision.js */,
			);
			path = html;
			sourceTree = "<group>";
		};
/* End PBXGroup section */

/* Begin PBXNativeTarget section */
		5A5911E6273D6B0900C75260 /* WFC */ = {
			isa = PBXNativeTarget;
			buildConfigurationList = 5A5911EE273D6B0900C75260 /* Build configuration list for PBXNativeTarget "WFC" */;
			buildPhases = (
				5A5911E3273D6B0900C75260 /* Sources */,
				5A5911E4273D6B0900C75260 /* Frameworks */,
				5A5911E5273D6B0900C75260 /* CopyFiles */,
			);
			buildRules = (
			);
			dependencies = (
			);
			name = WFC;
			productName = WFC;
			productReference = 5A5911E7273D6B0900C75260 /* WFC */;
			productType = "com.apple.product-type.tool";
		};
/* End PBXNativeTarget section */

/* Begin PBXProject section */
		5A5911DF273D6B0900C75260 /* Project object */ = {
			isa = PBXProject;
			attributes = {
				BuildIndependentTargetsInParallel = 1;
				LastUpgradeCheck = 1310;
				TargetAttributes = {
					5A5911E6273D6B0900C75260 = {
						CreatedOnToolsVersion = 13.1;
					};
				};
			};
			buildConfigurationList = 5A5911E2273D6B0900C75260 /* Build configuration list for PBXProject "WFC" */;
			compatibilityVersion = "Xcode 13.0";
			developmentRegion = en;
			hasScannedForEncodings = 0;
			knownRegions = (
				en,
				Base,
			);
			mainGroup = 5A5911DE273D6B0900C75260;
			productRefGroup = 5A5911E8273D6B0900C75260 /* Products */;
			projectDirPath = "";
			projectRoot = "";
			targets = (
				5A5911E6273D6B0900C75260 /* WFC */,
			);
		};
/* End PBXProject section */

/* Begin PBXSourcesBuildPhase section */
		5A5911E3273D6B0900C75260 /* Sources */ = {
			isa = PBXSourcesBuildPhase;
			buildActionMask = 2147483647;
			files = (
				5A5911EB273D6B0900C75260 /* main.cpp in Sources */,
				5A5911F3273DA81800C75260 /* number_place_wfc.cpp in Sources */,
			);
			runOnlyForDeploymentPostprocessing = 0;
		};
/* End PBXSourcesBuildPhase section */

/* Begin XCBuildConfiguration section */
		5A5911EC273D6B0900C75260 /* Debug */ = {
			isa = XCBuildConfiguration;
			buildSettings = {
				ALWAYS_SEARCH_USER_PATHS = NO;
				CLANG_ANALYZER_NONNULL = YES;
				CLANG_ANALYZER_NUMBER_OBJECT_CONVERSION = YES_AGGRESSIVE;
				CLANG_CXX_LANGUAGE_STANDARD = "gnu++17";
				CLANG_CXX_LIBRARY = "libc++";
				CLANG_ENABLE_MODULES = YES;
				CLANG_ENABLE_OBJC_ARC = YES;
				CLANG_ENABLE_OBJC_WEAK = YES;
				CLANG_WARN_BLOCK_CAPTURE_AUTORELEASING = YES;
				CLANG_WARN_BOOL_CONVERSION = YES;
				CLANG_WARN_COMMA = YES;
				CLANG_WARN_CONSTANT_CONVERSION = YES;
				CLANG_WARN_DEPRECATED_OBJC_IMPLEMENTATIONS = YES;
				CLANG_WARN_DIRECT_OBJC_ISA_USAGE = YES_ERROR;
				CLANG_WARN_DOCUMENTATION_COMMENTS = YES;
				CLANG_WARN_EMPTY_BODY = YES;
				CLANG_WARN_ENUM_CONVERSION = YES;
				CLANG_WARN_INFINITE_RECURSION = YES;
				CLANG_WARN_INT_CONVERSION = YES;
				CLANG_WARN_NON_LITERAL_NULL_CONVERSION = YES;
				CLANG_WARN_OBJC_IMPLICIT_RETAIN_SELF = YES;
				CLANG_WARN_OBJC_LITERAL_CONVERSION = YES;
				CLANG_WARN_OBJC_ROOT_CLASS = YES_ERROR;
				CLANG_WARN_QUOTED_INCLUDE_IN_FRAMEWORK_HEADER = YES;
				CLANG_WARN_RANGE_LOOP_ANALYSIS = YES;
				CLANG_WARN_STRICT_PROTOTYPES = YES;
				CLANG_WARN_SUSPICIOUS_MOVE = YES;
				CLANG_WARN_UNGUARDED_AVAILABILITY = YES_AGGRESSIVE;
				CLANG_WARN_UNREACHABLE_CODE = YES;
				CLANG_WARN__DUPLICATE_METHOD_MATCH = YES;
				COPY_PHASE_STRIP = NO;
				DEBUG_INFORMATION_FORMAT = dwarf;
				ENABLE_STRICT_OBJC_MSGSEND = YES;
				ENABLE_TESTABILITY = YES;
				GCC_C_LANGUAGE_STANDARD = gnu11;
				GCC_DYNAMIC_NO_PIC = NO;
				GCC_NO_COMMON_BLOCKS = YES;
				GCC_OPTIMIZATION_LEVEL = 0;
				GCC_PREPROCESSOR_DEFINITIONS = (
					"DEBUG=1",
					"$(inherited)",
				);
				GCC_WARN_64_TO_32_BIT_CONVERSION = YES;
				GCC_WARN_ABOUT_RETURN_TYPE = YES_ERROR;
				GCC_WARN_UNDECLARED_SELECTOR = YES;
				GCC_WARN_UNINITIALIZED_AUTOS = YES_AGGRESSIVE;
				GCC_WARN_UNUSED_FUNCTION = YES;
				GCC_WARN_UNUSED_VARIABLE = YES;
				MACOSX_DEPLOYMENT_TARGET = 12.0;
				MTL_ENABLE_DEBUG_INFO = INCLUDE_SOURCE;
				MTL_FAST_MATH = YES;
				ONLY_ACTIVE_ARCH = YES;
				SDKROOT = macosx;
			};
			name = Debug;
		};
		5A5911ED273D6B0900C75260 /* Release */ = {
			isa = XCBuildConfiguration;
			buildSettings = {
				ALWAYS_SEARCH_USER_PATHS = NO;
				CLANG_ANALYZER_NONNULL = YES;
				CLANG_ANALYZER_NUMBER_OBJECT_CONVERSION = YES_AGGRESSIVE;
				CLANG_CXX_LANGUAGE_STANDARD = "gnu++17";
				CLANG_CXX_LIBRARY = "libc++";
				CLANG_ENABLE_MODULES = YES;
				CLANG_ENABLE_OBJC_ARC = YES;
				CLANG_ENABLE_OBJC_WEAK = YES;
				CLANG_WARN_BLOCK_CAPTURE_AUTORELEASING = YES;
				CLANG_WARN_BOOL_CONVERSION = YES;
				CLANG_WARN_COMMA = YES;
				CLANG_WARN_CONSTANT_CONVERSION = YES;
				CLANG_WARN_DEPRECATED_OBJC_IMPLEMENTATIONS = YES;
				CLANG_WARN_DIRECT_OBJC_ISA_USAGE = YES_ERROR;
				CLANG_WARN_DOCUMENTATION_COMMENTS = YES;
				CLANG_WARN_EMPTY_BODY = YES;
				CLANG_WARN_ENUM_CONVERSION = YES;
				CLANG_WARN_INFINITE_RECURSION = YES;
				CLANG_WARN_INT_CONVERSION = YES;
				CLANG_WARN_NON_LITERAL_NULL_CONVERSION = YES;
				CLANG_WARN_OBJC_IMPLICIT_RETAIN_SELF = YES;
				CLANG_WARN_OBJC_LITERAL_CONVERSION = YES;
				CLANG_WARN_OBJC_ROOT_CLASS = YES_ERROR;
				CLANG_WARN_QUOTED_INCLUDE_IN_FRAMEWORK_HEADER = YES;
				CLANG_WARN_RANGE_LOOP_ANALYSIS = YES;
				CLANG_WARN_STRICT_PROTOTYPES = YES;
				CLANG_WARN_SUSPICIOUS_MOVE = YES;
				CLANG_WARN_UNGUARDED_AVAILABILITY = YES_AGGRESSIVE;
				CLANG_WARN_UNREACHABLE_CODE = YES;
				CLANG_WARN__DUPLICATE_METHOD_MATCH = YES;
				COPY_PHASE_STRIP = NO;
				DEBUG_INFORMATION_FORMAT = "dwarf-with-dsym";
				ENABLE_NS_ASSERTIONS = NO;
				ENABLE_STRICT_OBJC_MSGSEND = YES;
				GCC_C_LANGUAGE_STANDARD = gnu11;
				GCC_NO_COMMON_BLOCKS = YES;
				GCC_WARN_64_TO_32_BIT_CONVERSION = YES;
				GCC_WARN_ABOUT_RETURN_TYPE = YES_ERROR;
				GCC_WARN_UNDECLARED_SELECTOR = YES;
				GCC_WARN_UNINITIALIZED_AUTOS = YES_AGGRESSIVE;
				GCC_WARN_UNUSED_FUNCTION = YES;
				GCC_WARN_UNUSED_VARIABLE = YES;
				MACOSX_DEPLOYMENT_TARGET = 12.0;
				MTL_ENABLE_DEBUG_INFO = NO;
				MTL_FAST_MATH = YES;
				SDKROOT = macosx;
			};
			name = Release;
		};
		5A5911EF273D6B0900C75260 /* Debug */ = {
			isa = XCBuildConfiguration;
			buildSettings = {
				CODE_SIGN_STYLE = Automatic;
				DEVELOPMENT_TEAM = "";
				ENABLE_HARDENED_RUNTIME = YES;
				PRODUCT_NAME = "$(TARGET_NAME)";
			};
			name = Debug;
		};
		5A5911F0273D6B0900C75260 /* Release */ = {
			isa = XCBuildConfiguration;
			buildSettings = {
				CODE_SIGN_STYLE = Automatic;
				DEVELOPMENT_TEAM = "";
				ENABLE_HARDENED_RUNTIME = YES;
				PRODUCT_NAME = "$(TARGET_NAME)";
			};
			name = Release;
		};
/* End XCBuildConfiguration section */

/* Begin XCConfigurationList section */
		5A5911E2273D6B0900C75260 /* Build configuration list for PBXProject "WFC" */ = {
			isa = XCConfigurationList;
			buildConfigurations = (
				5A5911EC273D6B0900C75260 /* Debug */,
				5A5911ED273D6B0900C75260 /* Release */,
			);
			defaultConfigurationIsVisible = 0;
			defaultConfigurationName = Release;
		};
		5A5911EE273D6B0900C75260 /* Build configuration list for PBXNativeTarget "WFC" */ = {
			isa = XCConfigurationList;
			buildConfigurations = (
				5A5911EF273D6B0900C75260 /* Debug */,
				5A5911F0273D6B0900C75260 /* Release */,
			);
			defaultConfigurationIsVisible = 0;
			defaultConfigurationName = Release;
		};
/* End XCConfigurationList section */
	};
	rootObject = 5A5911DF273D6B0900C75260 /* Project object */;
}
